
Microsoft Visual Studio Solution File, Format Version 12.00
# Visual Studio Version 17
VisualStudioVersion = 17.0.31903.59
MinimumVisualStudioVersion = 10.0.40219.1
Project("{FAE04EC0-301F-11D3-BF4B-00C04F79EFBC}") = "CleanArchMvc.Domain", "CleanArchMvc.Domain\CleanArchMvc.Domain.csproj", "{EDB8F960-0A7D-40D3-A3A2-932D827F868A}"
EndProject
Project("{FAE04EC0-301F-11D3-BF4B-00C04F79EFBC}") = "CleanArchMvc.Application", "CleanArchMvc.Application\CleanArchMvc.Application.csproj", "{B8AEE242-30ED-486C-98BA-A7682B1540AC}"
EndProject
Project("{FAE04EC0-301F-11D3-BF4B-00C04F79EFBC}") = "CleanArchMvc.Infra.Data", "CleanArchMvc.Infra.Data\CleanArchMvc.Infra.Data.csproj", "{BA95FD1D-FA26-4998-BDE2-F3563A1B7332}"
EndProject
Project("{FAE04EC0-301F-11D3-BF4B-00C04F79EFBC}") = "CleanArchMvc.Infra.Ioc", "CleanArchMvc.Infra.Ioc\CleanArchMvc.Infra.Ioc.csproj", "{881D6328-64B9-416E-A3C6-1AABF9B8636E}"
EndProject
Project("{FAE04EC0-301F-11D3-BF4B-00C04F79EFBC}") = "CleanArchMvc.WebUI", "CleanArchMvc.WebUI\CleanArchMvc.WebUI.csproj", "{FC9CC4E8-168F-48E6-B893-EB7778C92A7F}"
EndProject
Global
	GlobalSection(SolutionConfigurationPlatforms) = preSolution
		Debug|Any CPU = Debug|Any CPU
		Release|Any CPU = Release|Any CPU
	EndGlobalSection
	GlobalSection(ProjectConfigurationPlatforms) = postSolution
		{EDB8F960-0A7D-40D3-A3A2-932D827F868A}.Debug|Any CPU.ActiveCfg = Debug|Any CPU
		{EDB8F960-0A7D-40D3-A3A2-932D827F868A}.Debug|Any CPU.Build.0 = Debug|Any CPU
		{EDB8F960-0A7D-40D3-A3A2-932D827F868A}.Release|Any CPU.ActiveCfg = Release|Any CPU
		{EDB8F960-0A7D-40D3-A3A2-932D827F868A}.Release|Any CPU.Build.0 = Release|Any CPU
		{B8AEE242-30ED-486C-98BA-A7682B1540AC}.Debug|Any CPU.ActiveCfg = Debug|Any CPU
		{B8AEE242-30ED-486C-98BA-A7682B1540AC}.Debug|Any CPU.Build.0 = Debug|Any CPU
		{B8AEE242-30ED-486C-98BA-A7682B1540AC}.Release|Any CPU.ActiveCfg = Release|Any CPU
		{B8AEE242-30ED-486C-98BA-A7682B1540AC}.Release|Any CPU.Build.0 = Release|Any CPU
		{BA95FD1D-FA26-4998-BDE2-F3563A1B7332}.Debug|Any CPU.ActiveCfg = Debug|Any CPU
		{BA95FD1D-FA26-4998-BDE2-F3563A1B7332}.Debug|Any CPU.Build.0 = Debug|Any CPU
		{BA95FD1D-FA26-4998-BDE2-F3563A1B7332}.Release|Any CPU.ActiveCfg = Release|Any CPU
		{BA95FD1D-FA26-4998-BDE2-F3563A1B7332}.Release|Any CPU.Build.0 = Release|Any CPU
		{881D6328-64B9-416E-A3C6-1AABF9B8636E}.Debug|Any CPU.ActiveCfg = Debug|Any CPU
		{881D6328-64B9-416E-A3C6-1AABF9B8636E}.Debug|Any CPU.Build.0 = Debug|Any CPU
		{881D6328-64B9-416E-A3C6-1AABF9B8636E}.Release|Any CPU.ActiveCfg = Release|Any CPU
		{881D6328-64B9-416E-A3C6-1AABF9B8636E}.Release|Any CPU.Build.0 = Release|Any CPU
		{FC9CC4E8-168F-48E6-B893-EB7778C92A7F}.Debug|Any CPU.ActiveCfg = Debug|Any CPU
		{FC9CC4E8-168F-48E6-B893-EB7778C92A7F}.Debug|Any CPU.Build.0 = Debug|Any CPU
		{FC9CC4E8-168F-48E6-B893-EB7778C92A7F}.Release|Any CPU.ActiveCfg = Release|Any CPU
		{FC9CC4E8-168F-48E6-B893-EB7778C92A7F}.Release|Any CPU.Build.0 = Release|Any CPU
	EndGlobalSection
	GlobalSection(SolutionProperties) = preSolution
		HideSolutionNode = FALSE
	EndGlobalSection
	GlobalSection(ExtensibilityGlobals) = postSolution
		SolutionGuid = {E99374BA-04BE-47A1-9628-4BE07060D6BF}
	EndGlobalSection
EndGlobal
